
Microsoft Visual Studio Solution File, Format Version 12.00
# Visual Studio Version 16
VisualStudioVersion = 16.0.30204.135
MinimumVisualStudioVersion = 10.0.40219.1
Project("{FAE04EC0-301F-11D3-BF4B-00C04F79EFBC}") = "MijnEersteWindowsFormsApp", "MijnEersteWindowsFormsApp\MijnEersteWindowsFormsApp.csproj", "{178F0446-25C8-4C8A-9A06-D9D12AE3263B}"
EndProject
Project("{FAE04EC0-301F-11D3-BF4B-00C04F79EFBC}") = "Oefening11082020", "Oefening11082020\Oefening11082020.csproj", "{AE98258F-1ABB-48E4-8C0D-B1AD35A4EC43}"
EndProject
Project("{FAE04EC0-301F-11D3-BF4B-00C04F79EFBC}") = "Oefening17082020", "Oefening17082020\Oefening17082020.csproj", "{910A0A4D-58B5-4B3F-B8F9-CA821BEE59C2}"
EndProject
Project("{FAE04EC0-301F-11D3-BF4B-00C04F79EFBC}") = "Oefening19082020ClassInheritance", "Oefening19082020ClassInheritance\Oefening19082020ClassInheritance.csproj", "{80F6EAFC-8C0F-482E-9F95-42A18C03B166}"
EndProject
Project("{FAE04EC0-301F-11D3-BF4B-00C04F79EFBC}") = "Oefening21082020Bankapp", "Oefening21082020Bankapp\Oefening21082020Bankapp.csproj", "{8D502175-BDB0-4C4C-A3E3-0B5D6AADAD7F}"
EndProject
Project("{FAE04EC0-301F-11D3-BF4B-00C04F79EFBC}") = "Oefening24082020", "Oefening24082020\Oefening24082020.csproj", "{3489A8D1-7801-4676-8289-87CDC47F74BC}"
EndProject
Project("{FAE04EC0-301F-11D3-BF4B-00C04F79EFBC}") = "Oefening26082020", "Oefening26082020\Oefening26082020.csproj", "{8311CA5F-A248-46D7-A3E1-F9AB8DD0A872}"
EndProject
Project("{FAE04EC0-301F-11D3-BF4B-00C04F79EFBC}") = "Oefening28082020", "Oefening28082020\Oefening28082020.csproj", "{F306DA50-A1FE-422B-8992-D67B5747497E}"
EndProject
Global
	GlobalSection(SolutionConfigurationPlatforms) = preSolution
		Debug|Any CPU = Debug|Any CPU
		Release|Any CPU = Release|Any CPU
	EndGlobalSection
	GlobalSection(ProjectConfigurationPlatforms) = postSolution
		{178F0446-25C8-4C8A-9A06-D9D12AE3263B}.Debug|Any CPU.ActiveCfg = Debug|Any CPU
		{178F0446-25C8-4C8A-9A06-D9D12AE3263B}.Debug|Any CPU.Build.0 = Debug|Any CPU
		{178F0446-25C8-4C8A-9A06-D9D12AE3263B}.Release|Any CPU.ActiveCfg = Release|Any CPU
		{178F0446-25C8-4C8A-9A06-D9D12AE3263B}.Release|Any CPU.Build.0 = Release|Any CPU
		{AE98258F-1ABB-48E4-8C0D-B1AD35A4EC43}.Debug|Any CPU.ActiveCfg = Debug|Any CPU
		{AE98258F-1ABB-48E4-8C0D-B1AD35A4EC43}.Debug|Any CPU.Build.0 = Debug|Any CPU
		{AE98258F-1ABB-48E4-8C0D-B1AD35A4EC43}.Release|Any CPU.ActiveCfg = Release|Any CPU
		{AE98258F-1ABB-48E4-8C0D-B1AD35A4EC43}.Release|Any CPU.Build.0 = Release|Any CPU
		{910A0A4D-58B5-4B3F-B8F9-CA821BEE59C2}.Debug|Any CPU.ActiveCfg = Debug|Any CPU
		{910A0A4D-58B5-4B3F-B8F9-CA821BEE59C2}.Debug|Any CPU.Build.0 = Debug|Any CPU
		{910A0A4D-58B5-4B3F-B8F9-CA821BEE59C2}.Release|Any CPU.ActiveCfg = Release|Any CPU
		{910A0A4D-58B5-4B3F-B8F9-CA821BEE59C2}.Release|Any CPU.Build.0 = Release|Any CPU
		{80F6EAFC-8C0F-482E-9F95-42A18C03B166}.Debug|Any CPU.ActiveCfg = Debug|Any CPU
		{80F6EAFC-8C0F-482E-9F95-42A18C03B166}.Debug|Any CPU.Build.0 = Debug|Any CPU
		{80F6EAFC-8C0F-482E-9F95-42A18C03B166}.Release|Any CPU.ActiveCfg = Release|Any CPU
		{80F6EAFC-8C0F-482E-9F95-42A18C03B166}.Release|Any CPU.Build.0 = Release|Any CPU
		{8D502175-BDB0-4C4C-A3E3-0B5D6AADAD7F}.Debug|Any CPU.ActiveCfg = Debug|Any CPU
		{8D502175-BDB0-4C4C-A3E3-0B5D6AADAD7F}.Debug|Any CPU.Build.0 = Debug|Any CPU
		{8D502175-BDB0-4C4C-A3E3-0B5D6AADAD7F}.Release|Any CPU.ActiveCfg = Release|Any CPU
		{8D502175-BDB0-4C4C-A3E3-0B5D6AADAD7F}.Release|Any CPU.Build.0 = Release|Any CPU
		{3489A8D1-7801-4676-8289-87CDC47F74BC}.Debug|Any CPU.ActiveCfg = Debug|Any CPU
		{3489A8D1-7801-4676-8289-87CDC47F74BC}.Debug|Any CPU.Build.0 = Debug|Any CPU
		{3489A8D1-7801-4676-8289-87CDC47F74BC}.Release|Any CPU.ActiveCfg = Release|Any CPU
		{3489A8D1-7801-4676-8289-87CDC47F74BC}.Release|Any CPU.Build.0 = Release|Any CPU
		{8311CA5F-A248-46D7-A3E1-F9AB8DD0A872}.Debug|Any CPU.ActiveCfg = Debug|Any CPU
		{8311CA5F-A248-46D7-A3E1-F9AB8DD0A872}.Debug|Any CPU.Build.0 = Debug|Any CPU
		{8311CA5F-A248-46D7-A3E1-F9AB8DD0A872}.Release|Any CPU.ActiveCfg = Release|Any CPU
		{8311CA5F-A248-46D7-A3E1-F9AB8DD0A872}.Release|Any CPU.Build.0 = Release|Any CPU
		{F306DA50-A1FE-422B-8992-D67B5747497E}.Debug|Any CPU.ActiveCfg = Debug|Any CPU
		{F306DA50-A1FE-422B-8992-D67B5747497E}.Debug|Any CPU.Build.0 = Debug|Any CPU
		{F306DA50-A1FE-422B-8992-D67B5747497E}.Release|Any CPU.ActiveCfg = Release|Any CPU
		{F306DA50-A1FE-422B-8992-D67B5747497E}.Release|Any CPU.Build.0 = Release|Any CPU
	EndGlobalSection
	GlobalSection(SolutionProperties) = preSolution
		HideSolutionNode = FALSE
	EndGlobalSection
	GlobalSection(ExtensibilityGlobals) = postSolution
		SolutionGuid = {F9D33377-C66E-4449-B1B0-136A9B36272E}
	EndGlobalSection
EndGlobal
