
Microsoft Visual Studio Solution File, Format Version 12.00
# Visual Studio Version 16
VisualStudioVersion = 16.0.30204.135
MinimumVisualStudioVersion = 10.0.40219.1
Project("{FAE04EC0-301F-11D3-BF4B-00C04F79EFBC}") = "MijnEersteWindowsFormsApp", "MijnEersteWindowsFormsApp\MijnEersteWindowsFormsApp.csproj", "{178F0446-25C8-4C8A-9A06-D9D12AE3263B}"
EndProject
Project("{FAE04EC0-301F-11D3-BF4B-00C04F79EFBC}") = "Oefening11082020", "Oefening11082020\Oefening11082020.csproj", "{AE98258F-1ABB-48E4-8C0D-B1AD35A4EC43}"
EndProject
Global
	GlobalSection(SolutionConfigurationPlatforms) = preSolution
		Debug|Any CPU = Debug|Any CPU
		Release|Any CPU = Release|Any CPU
	EndGlobalSection
	GlobalSection(ProjectConfigurationPlatforms) = postSolution
		{178F0446-25C8-4C8A-9A06-D9D12AE3263B}.Debug|Any CPU.ActiveCfg = Debug|Any CPU
		{178F0446-25C8-4C8A-9A06-D9D12AE3263B}.Debug|Any CPU.Build.0 = Debug|Any CPU
		{178F0446-25C8-4C8A-9A06-D9D12AE3263B}.Release|Any CPU.ActiveCfg = Release|Any CPU
		{178F0446-25C8-4C8A-9A06-D9D12AE3263B}.Release|Any CPU.Build.0 = Release|Any CPU
		{AE98258F-1ABB-48E4-8C0D-B1AD35A4EC43}.Debug|Any CPU.ActiveCfg = Debug|Any CPU
		{AE98258F-1ABB-48E4-8C0D-B1AD35A4EC43}.Debug|Any CPU.Build.0 = Debug|Any CPU
		{AE98258F-1ABB-48E4-8C0D-B1AD35A4EC43}.Release|Any CPU.ActiveCfg = Release|Any CPU
		{AE98258F-1ABB-48E4-8C0D-B1AD35A4EC43}.Release|Any CPU.Build.0 = Release|Any CPU
	EndGlobalSection
	GlobalSection(SolutionProperties) = preSolution
		HideSolutionNode = FALSE
	EndGlobalSection
	GlobalSection(ExtensibilityGlobals) = postSolution
		SolutionGuid = {F9D33377-C66E-4449-B1B0-136A9B36272E}
	EndGlobalSection
EndGlobal
